
Microsoft Visual Studio Solution File, Format Version 12.00
# Visual Studio 15
VisualStudioVersion = 15.0.28307.106
MinimumVisualStudioVersion = 10.0.40219.1
Project("{D954291E-2A0B-460D-934E-DC6B0785DB48}") = "InvestingGameEngine", "InvestingGame\InvestingGameEngine.shproj", "{33729F26-6A0A-4BF2-9C44-633C330E7924}"
EndProject
Project("{FAE04EC0-301F-11D3-BF4B-00C04F79EFBC}") = "ConsoleTest", "ConsoleTest\ConsoleTest.csproj", "{322DFC89-D344-408B-994C-C6BB477CD06F}"
EndProject
Global
	GlobalSection(SharedMSBuildProjectFiles) = preSolution
		InvestingGame\InvestingGame.projitems*{322dfc89-d344-408b-994c-c6bb477cd06f}*SharedItemsImports = 4
		InvestingGame\InvestingGame.projitems*{33729f26-6a0a-4bf2-9c44-633c330e7924}*SharedItemsImports = 13
	EndGlobalSection
	GlobalSection(SolutionConfigurationPlatforms) = preSolution
		Debug|Any CPU = Debug|Any CPU
		Release|Any CPU = Release|Any CPU
	EndGlobalSection
	GlobalSection(ProjectConfigurationPlatforms) = postSolution
		{322DFC89-D344-408B-994C-C6BB477CD06F}.Debug|Any CPU.ActiveCfg = Debug|Any CPU
		{322DFC89-D344-408B-994C-C6BB477CD06F}.Debug|Any CPU.Build.0 = Debug|Any CPU
		{322DFC89-D344-408B-994C-C6BB477CD06F}.Release|Any CPU.ActiveCfg = Release|Any CPU
		{322DFC89-D344-408B-994C-C6BB477CD06F}.Release|Any CPU.Build.0 = Release|Any CPU
	EndGlobalSection
	GlobalSection(SolutionProperties) = preSolution
		HideSolutionNode = FALSE
	EndGlobalSection
	GlobalSection(ExtensibilityGlobals) = postSolution
		SolutionGuid = {B2C72224-9674-4E4D-ACEB-B0F03C167E7E}
	EndGlobalSection
EndGlobal
